<?xml version="1.0" encoding="utf-8"?>
<Project ToolsVersion="4.0" xmlns="http://schemas.microsoft.com/developer/msbuild/2003">
  <ItemGroup>
    <Filter Include="소스 파일">
      <UniqueIdentifier>{4FC737F1-C7A5-4376-A066-2A32D752A2FF}</UniqueIdentifier>
      <Extensions>cpp;c;cc;cxx;def;odl;idl;hpj;bat;asm;asmx</Extensions>
    </Filter>
    <Filter Include="헤더 파일">
      <UniqueIdentifier>{93995380-89BD-4b04-88EB-625FBE52EBFB}</UniqueIdentifier>
      <Extensions>h;hh;hpp;hxx;hm;inl;inc;ipp;xsd</Extensions>
    </Filter>
    <Filter Include="리소스 파일">
      <UniqueIdentifier>{67DA6AB6-F800-4c08-8B7A-83BB121AAD01}</UniqueIdentifier>
      <Extensions>rc;ico;cur;bmp;dlg;rc2;rct;bin;rgs;gif;jpg;jpeg;jpe;resx;tiff;tif;png;wav;mfcribbon-ms</Extensions>
    </Filter>
    <Filter Include="Control">
      <UniqueIdentifier>{79361385-dd2e-4cf0-b0f7-4d4f5aec84a9}</UniqueIdentifier>
    </Filter>
    <Filter Include="Control\combobox">
      <UniqueIdentifier>{fbb605ef-bfe2-4fa7-bfa4-d66a9c07d1dd}</UniqueIdentifier>
    </Filter>
  </ItemGroup>
  <ItemGroup>
    <ClInclude Include="Simulator_Editor.h">
      <Filter>헤더 파일</Filter>
    </ClInclude>
    <ClInclude Include="framework.h">
      <Filter>헤더 파일</Filter>
    </ClInclude>
    <ClInclude Include="targetver.h">
      <Filter>헤더 파일</Filter>
    </ClInclude>
    <ClInclude Include="MainFrm.h">
      <Filter>헤더 파일</Filter>
    </ClInclude>
    <ClInclude Include="Simulator_EditorDoc.h">
      <Filter>헤더 파일</Filter>
    </ClInclude>
    <ClInclude Include="Simulator_EditorView.h">
      <Filter>헤더 파일</Filter>
    </ClInclude>
    <ClInclude Include="Resource.h">
      <Filter>헤더 파일</Filter>
    </ClInclude>
    <ClInclude Include="pch.h">
      <Filter>헤더 파일</Filter>
    </ClInclude>
    <ClInclude Include="Frame_MenuBar_Ctrl.h">
      <Filter>헤더 파일</Filter>
    </ClInclude>
    <ClInclude Include="PNOCtrl_SkinFrame_SDI.h">
      <Filter>헤더 파일</Filter>
    </ClInclude>
    <ClInclude Include="SkinMng.h">
      <Filter>헤더 파일</Filter>
    </ClInclude>
    <ClInclude Include="ToolbarDlg.h">
      <Filter>헤더 파일</Filter>
    </ClInclude>
    <ClInclude Include="ToolHeader.h">
      <Filter>헤더 파일</Filter>
    </ClInclude>
    <ClInclude Include="CommonHeader.h">
      <Filter>헤더 파일</Filter>
    </ClInclude>
    <ClInclude Include="CDNDObj_DlgBar.h">
      <Filter>헤더 파일</Filter>
    </ClInclude>
    <ClInclude Include="..\Control\Combobox\SkinComboboxlist.h">
      <Filter>Control\combobox</Filter>
    </ClInclude>
    <ClInclude Include="..\Control\Combobox\SkinCombobox.h">
      <Filter>Control\combobox</Filter>
    </ClInclude>
    <ClInclude Include="..\Config\Define.h">
      <Filter>Control</Filter>
    </ClInclude>
    <ClInclude Include="Global.h">
      <Filter>Control</Filter>
    </ClInclude>
    <ClInclude Include="CDNDObj_Text_DlgBar.h">
      <Filter>헤더 파일</Filter>
    </ClInclude>
    <ClInclude Include="CDNDObj_Connect_DlgBar.h">
      <Filter>헤더 파일</Filter>
    </ClInclude>
    <ClInclude Include="CDNDObj_Connrct_KASIM_Tap.h">
      <Filter>헤더 파일</Filter>
    </ClInclude>
    <ClInclude Include="CDNDObj_Symbol_Tap.h">
      <Filter>헤더 파일</Filter>
    </ClInclude>
    <ClInclude Include="CDNDObj_KASIM_SW_TAP.h">
      <Filter>헤더 파일</Filter>
    </ClInclude>
    <ClInclude Include="CDNDObj_KASIM_JUNCTION_TAP.h">
      <Filter>헤더 파일</Filter>
    </ClInclude>
    <ClInclude Include="CDNDObj_KASIM_CONSUMER_TAP.h">
      <Filter>헤더 파일</Filter>
    </ClInclude>
    <ClInclude Include="CDNDObj_KASIM_GENERATEUNIT_TAP.h">
      <Filter>헤더 파일</Filter>
    </ClInclude>
    <ClInclude Include="CDNDObj_KASIM_PRDE_TAP.h">
      <Filter>헤더 파일</Filter>
    </ClInclude>
    <ClInclude Include="CFindObjDlg.h">
      <Filter>헤더 파일</Filter>
    </ClInclude>
    <ClInclude Include="MyToolTipCtrl.h">
      <Filter>헤더 파일</Filter>
    </ClInclude>
    <ClInclude Include="CDNDObj_KASIM_TR_TAP.h">
      <Filter>헤더 파일</Filter>
    </ClInclude>
    <ClInclude Include="StyleDef.h">
      <Filter>헤더 파일</Filter>
    </ClInclude>
    <ClInclude Include="CDNDObj_KASIM_CB_TAP.h">
      <Filter>헤더 파일</Filter>
    </ClInclude>
    <ClInclude Include="CDNDObj_KASIM_SUBS_TAP.h">
      <Filter>헤더 파일</Filter>
    </ClInclude>
    <ClInclude Include="CDNDObj_KASIM_GENUNIT_TAP.h">
      <Filter>헤더 파일</Filter>
    </ClInclude>
    <ClInclude Include="CDNDObj_KASIM_PRDE_RECLOSER_TAP.h">
      <Filter>헤더 파일</Filter>
    </ClInclude>
    <ClInclude Include="CDNDObj_KASIM_MTR_TAP.h">
      <Filter>헤더 파일</Filter>
    </ClInclude>
  </ItemGroup>
  <ItemGroup>
    <ClCompile Include="Simulator_Editor.cpp">
      <Filter>소스 파일</Filter>
    </ClCompile>
    <ClCompile Include="MainFrm.cpp">
      <Filter>소스 파일</Filter>
    </ClCompile>
    <ClCompile Include="Simulator_EditorDoc.cpp">
      <Filter>소스 파일</Filter>
    </ClCompile>
    <ClCompile Include="Simulator_EditorView.cpp">
      <Filter>소스 파일</Filter>
    </ClCompile>
    <ClCompile Include="pch.cpp">
      <Filter>소스 파일</Filter>
    </ClCompile>
    <ClCompile Include="Frame_MenuBar_Ctrl.cpp">
      <Filter>소스 파일</Filter>
    </ClCompile>
    <ClCompile Include="PNOCtrl_SkinFrame_SDI.cpp">
      <Filter>소스 파일</Filter>
    </ClCompile>
    <ClCompile Include="SkinMng.cpp">
      <Filter>소스 파일</Filter>
    </ClCompile>
    <ClCompile Include="ToolbarDlg.cpp">
      <Filter>소스 파일</Filter>
    </ClCompile>
    <ClCompile Include="CDNDObj_DlgBar.cpp">
      <Filter>소스 파일</Filter>
    </ClCompile>
    <ClCompile Include="..\Control\Combobox\SkinCombobox.cpp">
      <Filter>Control\combobox</Filter>
    </ClCompile>
    <ClCompile Include="..\Control\Combobox\SkinComboboxlist.cpp">
      <Filter>Control\combobox</Filter>
    </ClCompile>
    <ClCompile Include="Global.cpp">
      <Filter>Control</Filter>
    </ClCompile>
    <ClCompile Include="CDNDObj_Text_DlgBar.cpp">
      <Filter>소스 파일</Filter>
    </ClCompile>
    <ClCompile Include="CDNDObj_Connect_DlgBar.cpp">
      <Filter>소스 파일</Filter>
    </ClCompile>
    <ClCompile Include="CDNDObj_Connrct_KASIM_Tap.cpp">
      <Filter>소스 파일</Filter>
    </ClCompile>
    <ClCompile Include="CDNDObj_Symbol_Tap.cpp">
      <Filter>소스 파일</Filter>
    </ClCompile>
    <ClCompile Include="CDNDObj_KASIM_SW_TAP.cpp">
      <Filter>소스 파일</Filter>
    </ClCompile>
    <ClCompile Include="CDNDObj_KASIM_JUNCTION_TAP.cpp">
      <Filter>소스 파일</Filter>
    </ClCompile>
    <ClCompile Include="CDNDObj_KASIM_CONSUMER_TAP.cpp">
      <Filter>소스 파일</Filter>
    </ClCompile>
    <ClCompile Include="CDNDObj_KASIM_GENERATEUNIT_TAP.cpp">
      <Filter>소스 파일</Filter>
    </ClCompile>
    <ClCompile Include="CDNDObj_KASIM_PRDE_TAP.cpp">
      <Filter>소스 파일</Filter>
    </ClCompile>
    <ClCompile Include="CFindObjDlg.cpp">
      <Filter>소스 파일</Filter>
    </ClCompile>
    <ClCompile Include="MyToolTipCtrl.cpp">
      <Filter>소스 파일</Filter>
    </ClCompile>
    <ClCompile Include="CDNDObj_KASIM_TR_TAP.cpp">
      <Filter>소스 파일</Filter>
    </ClCompile>
    <ClCompile Include="CDNDObj_KASIM_CB_TAP.cpp">
      <Filter>소스 파일</Filter>
    </ClCompile>
    <ClCompile Include="CDNDObj_KASIM_SUBS_TAP.cpp">
      <Filter>소스 파일</Filter>
    </ClCompile>
    <ClCompile Include="CDNDObj_KASIM_GENUNIT_TAP.cpp">
      <Filter>소스 파일</Filter>
    </ClCompile>
    <ClCompile Include="CDNDObj_KASIM_PRDE_RECLOSER_TAP.cpp">
      <Filter>소스 파일</Filter>
    </ClCompile>
    <ClCompile Include="CDNDObj_KASIM_MTR_TAP.cpp">
      <Filter>소스 파일</Filter>
    </ClCompile>
  </ItemGroup>
  <ItemGroup>
    <ResourceCompile Include="SimulatorEditor.rc">
      <Filter>리소스 파일</Filter>
    </ResourceCompile>
  </ItemGroup>
  <ItemGroup>
    <None Include="res\SimulatorEditor.rc2">
      <Filter>리소스 파일</Filter>
    </None>
  </ItemGroup>
  <ItemGroup>
    <Image Include="res\Simulator_EditorDoc.ico">
      <Filter>리소스 파일</Filter>
    </Image>
    <Image Include="res\Simulator_Editor.ico">
      <Filter>리소스 파일</Filter>
    </Image>
  </ItemGroup>
</Project>